{
  "name": "Node JS Advance",
  "version": "1.0.0",
  "lockfileVersion": 3,
  "requires": true,
  "packages": {
    "": {
      "name": "Node JS Advance",
      "version": "1.0.0",
      "license": "MIT",
      "dependencies": {
        "node-console-colors": "^1.1.5",
        "prompt-sync-history": "^1.0.1"
      }
    },
    "node_modules/node-console-colors": {
      "version": "1.1.5",
      "resolved": "https://registry.npmjs.org/node-console-colors/-/node-console-colors-1.1.5.tgz",
      "integrity": "sha512-PvndhaJGOV2vkwu8ugfOgiRkXEyu5AgTlldD3f68w9QYC44yXARQQR4STvXC6CF+ZfyeKbNoLddjR3dx8qdBEQ=="
    },
    "node_modules/prompt-sync-history": {
      "version": "1.0.1",
      "resolved": "https://registry.npmjs.org/prompt-sync-history/-/prompt-sync-history-1.0.1.tgz",
      "integrity": "sha512-R51qH1GbLvsSImtOLv+VGbO0Rv3uRYg5UxIGT82AotP/2AcOQaQSG4pYxDlMphZKgsmGSKRS+t0AmaPG/p4Gig=="
    }
  }
}
